{
    "name": "jpm2-web-bs5",
    "version": "2.0.0",
    "lockfileVersion": 2,
    "requires": true,
    "packages": {
        "": {
            "name": "jpm2-web-bs5",
            "version": "2.0.0",
            "dependencies": {
                "@fortawesome/fontawesome-free": "^6.1.1",
                "@popperjs/core": "^2.9.2",
                "bootstrap": "^5.0.2",
                "jquery": "^3.5.0",
                "jquery-blockui": "^2.7.0",
                "jquery.cookie": "^1.4.1",
                "jstree": "^3.3.11",
                "moment": "^2.29.1",
                "tempusdominus-bootstrap-4": "^5.39.0",
                "tempusdominus-core": "^5.19.0"
            }
        },
        "node_modules/@fortawesome/fontawesome-free": {
            "version": "6.1.1",
            "resolved": "https://registry.npmjs.org/@fortawesome/fontawesome-free/-/fontawesome-free-6.1.1.tgz",
            "integrity": "sha512-J/3yg2AIXc9wznaVqpHVX3Wa5jwKovVF0AMYSnbmcXTiL3PpRPfF58pzWucCwEiCJBp+hCNRLWClTomD8SseKg==",
            "hasInstallScript": true,
            "engines": {
                "node": ">=6"
            }
        },
        "node_modules/@popperjs/core": {
            "version": "2.9.2",
            "resolved": "https://registry.npmjs.org/@popperjs/core/-/core-2.9.2.tgz",
            "integrity": "sha512-VZMYa7+fXHdwIq1TDhSXoVmSPEGM/aa+6Aiq3nVVJ9bXr24zScr+NlKFKC3iPljA7ho/GAZr+d2jOf5GIRC30Q==",
            "funding": {
                "type": "opencollective",
                "url": "https://opencollective.com/popperjs"
            }
        },
        "node_modules/bootstrap": {
            "version": "5.0.2",
            "resolved": "https://registry.npmjs.org/bootstrap/-/bootstrap-5.0.2.tgz",
            "integrity": "sha512-1Ge963tyEQWJJ+8qtXFU6wgmAVj9gweEjibUdbmcCEYsn38tVwRk8107rk2vzt6cfQcRr3SlZ8aQBqaD8aqf+Q==",
            "funding": {
                "type": "opencollective",
                "url": "https://opencollective.com/bootstrap"
            },
            "peerDependencies": {
                "@popperjs/core": "^2.9.2"
            }
        },
        "node_modules/jquery": {
            "version": "3.5.1",
            "resolved": "https://registry.npmjs.org/jquery/-/jquery-3.5.1.tgz",
            "integrity": "sha512-XwIBPqcMn57FxfT+Go5pzySnm4KWkT1Tv7gjrpT1srtf8Weynl6R273VJ5GjkRb51IzMp5nbaPjJXMWeju2MKg=="
        },
        "node_modules/jquery-blockui": {
            "version": "2.7.0",
            "resolved": "https://registry.npmjs.org/jquery-blockui/-/jquery-blockui-2.7.0.tgz",
            "integrity": "sha512-lOiCCNYLaqUWMhBZRQ1GkeYAt2/4jX/1g9RvLYRvVtslaplGFnBLltffNAkkavjyPk6VintTj44Ky1yWrqxEzQ=="
        },
        "node_modules/jquery.cookie": {
            "version": "1.4.1",
            "resolved": "https://registry.npmjs.org/jquery.cookie/-/jquery.cookie-1.4.1.tgz",
            "integrity": "sha1-1j3OIJ6raR/mMxbbCMqeR+D5OFs="
        },
        "node_modules/jstree": {
            "version": "3.3.11",
            "resolved": "https://registry.npmjs.org/jstree/-/jstree-3.3.11.tgz",
            "integrity": "sha512-9ZJKroPjCyjb6JLPuAbBrLJKT6pS1f4m5gkwoEagG5oQWtvzm0IiDsntXTxeFtz7AmqrKfij+gLfF9MgWriNxg==",
            "dependencies": {
                "jquery": ">=1.9.1"
            }
        },
        "node_modules/moment": {
            "version": "2.29.1",
            "resolved": "https://registry.npmjs.org/moment/-/moment-2.29.1.tgz",
            "integrity": "sha512-kHmoybcPV8Sqy59DwNDY3Jefr64lK/by/da0ViFcuA4DH0vQg5Q6Ze5VimxkfQNSC+Mls/Kx53s7TjP1RhFEDQ==",
            "engines": {
                "node": "*"
            }
        },
        "node_modules/moment-timezone": {
            "version": "0.5.37",
            "resolved": "https://registry.npmjs.org/moment-timezone/-/moment-timezone-0.5.37.tgz",
            "integrity": "sha512-uEDzDNFhfaywRl+vwXxffjjq1q0Vzr+fcQpQ1bU0kbzorfS7zVtZnCnGc8mhWmF39d4g4YriF6kwA75mJKE/Zg==",
            "dependencies": {
                "moment": ">= 2.9.0"
            },
            "engines": {
                "node": "*"
            }
        },
        "node_modules/popper.js": {
            "version": "1.16.1",
            "resolved": "https://registry.npmjs.org/popper.js/-/popper.js-1.16.1.tgz",
            "integrity": "sha512-Wb4p1J4zyFTbM+u6WuO4XstYx4Ky9Cewe4DWrel7B0w6VVICvPwdOpotjzcf6eD8TsckVnIMNONQyPIUFOUbCQ==",
            "deprecated": "You can find the new Popper v2 at @popperjs/core, this package is dedicated to the legacy v1",
            "funding": {
                "type": "opencollective",
                "url": "https://opencollective.com/popperjs"
            }
        },
        "node_modules/tempusdominus-bootstrap-4": {
            "version": "5.39.0",
            "resolved": "https://registry.npmjs.org/tempusdominus-bootstrap-4/-/tempusdominus-bootstrap-4-5.39.0.tgz",
            "integrity": "sha512-vYnkmQYQq4+A51WyRc/6e03eM0BHDoPaxd556K1pd4Nhr0eGeB3+Mi9b+3CDx4189fg3gQlrsKzgJiHPRwSX3Q==",
            "dependencies": {
                "bootstrap": "^4.5.2",
                "jquery": "^3.5.1",
                "moment": "^2.29.0",
                "moment-timezone": "^0.5.31",
                "popper.js": "^1.16.1"
            },
            "peerDependencies": {
                "bootstrap": ">=4.5.2",
                "jquery": "^3.5.1",
                "moment": "^2.29.0",
                "moment-timezone": "^0.5.31",
                "popper.js": "^1.16.1",
                "tempusdominus-core": "5.19.0"
            }
        },
        "node_modules/tempusdominus-bootstrap-4/node_modules/bootstrap": {
            "version": "4.6.0",
            "resolved": "https://registry.npmjs.org/bootstrap/-/bootstrap-4.6.0.tgz",
            "integrity": "sha512-Io55IuQY3kydzHtbGvQya3H+KorS/M9rSNyfCGCg9WZ4pyT/lCxIlpJgG1GXW/PswzC84Tr2fBYi+7+jFVQQBw==",
            "funding": {
                "type": "opencollective",
                "url": "https://opencollective.com/bootstrap"
            },
            "peerDependencies": {
                "jquery": "1.9.1 - 3",
                "popper.js": "^1.16.1"
            }
        },
        "node_modules/tempusdominus-core": {
            "version": "5.19.0",
            "resolved": "https://registry.npmjs.org/tempusdominus-core/-/tempusdominus-core-5.19.0.tgz",
            "integrity": "sha512-7a4oBQw4cjz6C87BLRg3KHVvzpnPlnRTkuDZ7SwcJayQQ4QgOryX5u6wj0q07TXhgtMQLCntZO6nVhHIKPaeUw==",
            "dependencies": {
                "jquery": "^3.5.0",
                "moment": "~2.24.0",
                "moment-timezone": "^0.5.28"
            },
            "peerDependencies": {
                "jquery": "^3.0",
                "moment": "^2.10",
                "moment-timezone": "^0.5.0"
            }
        },
        "node_modules/tempusdominus-core/node_modules/moment": {
            "version": "2.24.0",
            "resolved": "https://registry.npmjs.org/moment/-/moment-2.24.0.tgz",
            "integrity": "sha512-bV7f+6l2QigeBBZSM/6yTNq4P2fNpSWj/0e7jQcy87A8e7o2nAfP/34/2ky5Vw4B9S446EtIhodAzkFCcR4dQg==",
            "engines": {
                "node": "*"
            }
        }
    },
    "dependencies": {
        "@fortawesome/fontawesome-free": {
            "version": "6.1.1",
            "resolved": "https://registry.npmjs.org/@fortawesome/fontawesome-free/-/fontawesome-free-6.1.1.tgz",
            "integrity": "sha512-J/3yg2AIXc9wznaVqpHVX3Wa5jwKovVF0AMYSnbmcXTiL3PpRPfF58pzWucCwEiCJBp+hCNRLWClTomD8SseKg=="
        },
        "@popperjs/core": {
            "version": "2.9.2",
            "resolved": "https://registry.npmjs.org/@popperjs/core/-/core-2.9.2.tgz",
            "integrity": "sha512-VZMYa7+fXHdwIq1TDhSXoVmSPEGM/aa+6Aiq3nVVJ9bXr24zScr+NlKFKC3iPljA7ho/GAZr+d2jOf5GIRC30Q=="
        },
        "bootstrap": {
            "version": "5.0.2",
            "resolved": "https://registry.npmjs.org/bootstrap/-/bootstrap-5.0.2.tgz",
            "integrity": "sha512-1Ge963tyEQWJJ+8qtXFU6wgmAVj9gweEjibUdbmcCEYsn38tVwRk8107rk2vzt6cfQcRr3SlZ8aQBqaD8aqf+Q==",
            "requires": {}
        },
        "jquery": {
            "version": "3.5.1",
            "resolved": "https://registry.npmjs.org/jquery/-/jquery-3.5.1.tgz",
            "integrity": "sha512-XwIBPqcMn57FxfT+Go5pzySnm4KWkT1Tv7gjrpT1srtf8Weynl6R273VJ5GjkRb51IzMp5nbaPjJXMWeju2MKg=="
        },
        "jquery-blockui": {
            "version": "2.7.0",
            "resolved": "https://registry.npmjs.org/jquery-blockui/-/jquery-blockui-2.7.0.tgz",
            "integrity": "sha512-lOiCCNYLaqUWMhBZRQ1GkeYAt2/4jX/1g9RvLYRvVtslaplGFnBLltffNAkkavjyPk6VintTj44Ky1yWrqxEzQ=="
        },
        "jquery.cookie": {
            "version": "1.4.1",
            "resolved": "https://registry.npmjs.org/jquery.cookie/-/jquery.cookie-1.4.1.tgz",
            "integrity": "sha1-1j3OIJ6raR/mMxbbCMqeR+D5OFs="
        },
        "jstree": {
            "version": "3.3.11",
            "resolved": "https://registry.npmjs.org/jstree/-/jstree-3.3.11.tgz",
            "integrity": "sha512-9ZJKroPjCyjb6JLPuAbBrLJKT6pS1f4m5gkwoEagG5oQWtvzm0IiDsntXTxeFtz7AmqrKfij+gLfF9MgWriNxg==",
            "requires": {
                "jquery": ">=1.9.1"
            }
        },
        "moment": {
            "version": "2.29.1",
            "resolved": "https://registry.npmjs.org/moment/-/moment-2.29.1.tgz",
            "integrity": "sha512-kHmoybcPV8Sqy59DwNDY3Jefr64lK/by/da0ViFcuA4DH0vQg5Q6Ze5VimxkfQNSC+Mls/Kx53s7TjP1RhFEDQ=="
        },
        "moment-timezone": {
            "version": "0.5.37",
            "resolved": "https://registry.npmjs.org/moment-timezone/-/moment-timezone-0.5.37.tgz",
            "integrity": "sha512-uEDzDNFhfaywRl+vwXxffjjq1q0Vzr+fcQpQ1bU0kbzorfS7zVtZnCnGc8mhWmF39d4g4YriF6kwA75mJKE/Zg==",
            "requires": {
                "moment": ">= 2.9.0"
            }
        },
        "popper.js": {
            "version": "1.16.1",
            "resolved": "https://registry.npmjs.org/popper.js/-/popper.js-1.16.1.tgz",
            "integrity": "sha512-Wb4p1J4zyFTbM+u6WuO4XstYx4Ky9Cewe4DWrel7B0w6VVICvPwdOpotjzcf6eD8TsckVnIMNONQyPIUFOUbCQ=="
        },
        "tempusdominus-bootstrap-4": {
            "version": "5.39.0",
            "resolved": "https://registry.npmjs.org/tempusdominus-bootstrap-4/-/tempusdominus-bootstrap-4-5.39.0.tgz",
            "integrity": "sha512-vYnkmQYQq4+A51WyRc/6e03eM0BHDoPaxd556K1pd4Nhr0eGeB3+Mi9b+3CDx4189fg3gQlrsKzgJiHPRwSX3Q==",
            "requires": {
                "bootstrap": "^4.5.2",
                "jquery": "^3.5.1",
                "moment": "^2.29.0",
                "moment-timezone": "^0.5.31",
                "popper.js": "^1.16.1"
            },
            "dependencies": {
                "bootstrap": {
                    "version": "4.6.0",
                    "resolved": "https://registry.npmjs.org/bootstrap/-/bootstrap-4.6.0.tgz",
                    "integrity": "sha512-Io55IuQY3kydzHtbGvQya3H+KorS/M9rSNyfCGCg9WZ4pyT/lCxIlpJgG1GXW/PswzC84Tr2fBYi+7+jFVQQBw==",
                    "requires": {}
                }
            }
        },
        "tempusdominus-core": {
            "version": "5.19.0",
            "resolved": "https://registry.npmjs.org/tempusdominus-core/-/tempusdominus-core-5.19.0.tgz",
            "integrity": "sha512-7a4oBQw4cjz6C87BLRg3KHVvzpnPlnRTkuDZ7SwcJayQQ4QgOryX5u6wj0q07TXhgtMQLCntZO6nVhHIKPaeUw==",
            "requires": {
                "jquery": "^3.5.0",
                "moment": "~2.24.0",
                "moment-timezone": "^0.5.28"
            },
            "dependencies": {
                "moment": {
                    "version": "2.24.0",
                    "resolved": "https://registry.npmjs.org/moment/-/moment-2.24.0.tgz",
                    "integrity": "sha512-bV7f+6l2QigeBBZSM/6yTNq4P2fNpSWj/0e7jQcy87A8e7o2nAfP/34/2ky5Vw4B9S446EtIhodAzkFCcR4dQg=="
                }
            }
        }
    }
}
